
Microsoft Visual Studio Solution File, Format Version 12.00
# Visual Studio Version 16
VisualStudioVersion = 16.0.29509.3
MinimumVisualStudioVersion = 15.0.26124.0
Project("{2150E333-8FDC-42A3-9474-1A3956D46DE8}") = "src", "src", "{A810AC0B-D988-4CDA-9D97-3BA864808ED4}"
EndProject
Project("{2150E333-8FDC-42A3-9474-1A3956D46DE8}") = "test", "test", "{E38DF00C-20DB-4BF3-840E-2161BE485CF9}"
EndProject
Project("{9A19103F-16F7-4668-BE54-9A1E7A4F7556}") = "entities", "src\entities\entities.csproj", "{D32DF882-6798-4DE5-AB74-8115FB4ACC0A}"
EndProject
Project("{9A19103F-16F7-4668-BE54-9A1E7A4F7556}") = "data", "src\data\data.csproj", "{698011F6-681E-4980-BD10-80FCBE18EDE4}"
EndProject
Project("{9A19103F-16F7-4668-BE54-9A1E7A4F7556}") = "data.test", "test\data.test\data.test.csproj", "{EE6F103C-57C5-4431-B7CD-1865B6F927CF}"
EndProject
Project("{2150E333-8FDC-42A3-9474-1A3956D46DE8}") = "Solution Items", "Solution Items", "{7F167643-5736-476A-B64E-E4A6ECE410DB}"
	ProjectSection(SolutionItems) = preProject
		anotaciones.md = anotaciones.md
	EndProjectSection
EndProject
Project("{9A19103F-16F7-4668-BE54-9A1E7A4F7556}") = "model", "src\model\model.csproj", "{2AAA1B6B-C2BF-4F78-B0A3-B88235EE8B77}"
EndProject
Project("{9A19103F-16F7-4668-BE54-9A1E7A4F7556}") = "api", "src\api\api.csproj", "{4E1494B2-BDBB-47B7-A0AF-0B81931EF883}"
EndProject
Project("{FAE04EC0-301F-11D3-BF4B-00C04F79EFBC}") = "controllers", "src\controllers\controllers.csproj", "{41B45853-9B97-4C4E-B8ED-E226461EF4C4}"
EndProject
Global
	GlobalSection(SolutionConfigurationPlatforms) = preSolution
		Debug|Any CPU = Debug|Any CPU
		Debug|x64 = Debug|x64
		Debug|x86 = Debug|x86
		Release|Any CPU = Release|Any CPU
		Release|x64 = Release|x64
		Release|x86 = Release|x86
	EndGlobalSection
	GlobalSection(ProjectConfigurationPlatforms) = postSolution
		{D32DF882-6798-4DE5-AB74-8115FB4ACC0A}.Debug|Any CPU.ActiveCfg = Debug|Any CPU
		{D32DF882-6798-4DE5-AB74-8115FB4ACC0A}.Debug|Any CPU.Build.0 = Debug|Any CPU
		{D32DF882-6798-4DE5-AB74-8115FB4ACC0A}.Debug|x64.ActiveCfg = Debug|Any CPU
		{D32DF882-6798-4DE5-AB74-8115FB4ACC0A}.Debug|x64.Build.0 = Debug|Any CPU
		{D32DF882-6798-4DE5-AB74-8115FB4ACC0A}.Debug|x86.ActiveCfg = Debug|Any CPU
		{D32DF882-6798-4DE5-AB74-8115FB4ACC0A}.Debug|x86.Build.0 = Debug|Any CPU
		{D32DF882-6798-4DE5-AB74-8115FB4ACC0A}.Release|Any CPU.ActiveCfg = Release|Any CPU
		{D32DF882-6798-4DE5-AB74-8115FB4ACC0A}.Release|Any CPU.Build.0 = Release|Any CPU
		{D32DF882-6798-4DE5-AB74-8115FB4ACC0A}.Release|x64.ActiveCfg = Release|Any CPU
		{D32DF882-6798-4DE5-AB74-8115FB4ACC0A}.Release|x64.Build.0 = Release|Any CPU
		{D32DF882-6798-4DE5-AB74-8115FB4ACC0A}.Release|x86.ActiveCfg = Release|Any CPU
		{D32DF882-6798-4DE5-AB74-8115FB4ACC0A}.Release|x86.Build.0 = Release|Any CPU
		{698011F6-681E-4980-BD10-80FCBE18EDE4}.Debug|Any CPU.ActiveCfg = Debug|Any CPU
		{698011F6-681E-4980-BD10-80FCBE18EDE4}.Debug|Any CPU.Build.0 = Debug|Any CPU
		{698011F6-681E-4980-BD10-80FCBE18EDE4}.Debug|x64.ActiveCfg = Debug|Any CPU
		{698011F6-681E-4980-BD10-80FCBE18EDE4}.Debug|x64.Build.0 = Debug|Any CPU
		{698011F6-681E-4980-BD10-80FCBE18EDE4}.Debug|x86.ActiveCfg = Debug|Any CPU
		{698011F6-681E-4980-BD10-80FCBE18EDE4}.Debug|x86.Build.0 = Debug|Any CPU
		{698011F6-681E-4980-BD10-80FCBE18EDE4}.Release|Any CPU.ActiveCfg = Release|Any CPU
		{698011F6-681E-4980-BD10-80FCBE18EDE4}.Release|Any CPU.Build.0 = Release|Any CPU
		{698011F6-681E-4980-BD10-80FCBE18EDE4}.Release|x64.ActiveCfg = Release|Any CPU
		{698011F6-681E-4980-BD10-80FCBE18EDE4}.Release|x64.Build.0 = Release|Any CPU
		{698011F6-681E-4980-BD10-80FCBE18EDE4}.Release|x86.ActiveCfg = Release|Any CPU
		{698011F6-681E-4980-BD10-80FCBE18EDE4}.Release|x86.Build.0 = Release|Any CPU
		{EE6F103C-57C5-4431-B7CD-1865B6F927CF}.Debug|Any CPU.ActiveCfg = Debug|Any CPU
		{EE6F103C-57C5-4431-B7CD-1865B6F927CF}.Debug|Any CPU.Build.0 = Debug|Any CPU
		{EE6F103C-57C5-4431-B7CD-1865B6F927CF}.Debug|x64.ActiveCfg = Debug|Any CPU
		{EE6F103C-57C5-4431-B7CD-1865B6F927CF}.Debug|x64.Build.0 = Debug|Any CPU
		{EE6F103C-57C5-4431-B7CD-1865B6F927CF}.Debug|x86.ActiveCfg = Debug|Any CPU
		{EE6F103C-57C5-4431-B7CD-1865B6F927CF}.Debug|x86.Build.0 = Debug|Any CPU
		{EE6F103C-57C5-4431-B7CD-1865B6F927CF}.Release|Any CPU.ActiveCfg = Release|Any CPU
		{EE6F103C-57C5-4431-B7CD-1865B6F927CF}.Release|Any CPU.Build.0 = Release|Any CPU
		{EE6F103C-57C5-4431-B7CD-1865B6F927CF}.Release|x64.ActiveCfg = Release|Any CPU
		{EE6F103C-57C5-4431-B7CD-1865B6F927CF}.Release|x64.Build.0 = Release|Any CPU
		{EE6F103C-57C5-4431-B7CD-1865B6F927CF}.Release|x86.ActiveCfg = Release|Any CPU
		{EE6F103C-57C5-4431-B7CD-1865B6F927CF}.Release|x86.Build.0 = Release|Any CPU
		{2AAA1B6B-C2BF-4F78-B0A3-B88235EE8B77}.Debug|Any CPU.ActiveCfg = Debug|Any CPU
		{2AAA1B6B-C2BF-4F78-B0A3-B88235EE8B77}.Debug|Any CPU.Build.0 = Debug|Any CPU
		{2AAA1B6B-C2BF-4F78-B0A3-B88235EE8B77}.Debug|x64.ActiveCfg = Debug|Any CPU
		{2AAA1B6B-C2BF-4F78-B0A3-B88235EE8B77}.Debug|x64.Build.0 = Debug|Any CPU
		{2AAA1B6B-C2BF-4F78-B0A3-B88235EE8B77}.Debug|x86.ActiveCfg = Debug|Any CPU
		{2AAA1B6B-C2BF-4F78-B0A3-B88235EE8B77}.Debug|x86.Build.0 = Debug|Any CPU
		{2AAA1B6B-C2BF-4F78-B0A3-B88235EE8B77}.Release|Any CPU.ActiveCfg = Release|Any CPU
		{2AAA1B6B-C2BF-4F78-B0A3-B88235EE8B77}.Release|Any CPU.Build.0 = Release|Any CPU
		{2AAA1B6B-C2BF-4F78-B0A3-B88235EE8B77}.Release|x64.ActiveCfg = Release|Any CPU
		{2AAA1B6B-C2BF-4F78-B0A3-B88235EE8B77}.Release|x64.Build.0 = Release|Any CPU
		{2AAA1B6B-C2BF-4F78-B0A3-B88235EE8B77}.Release|x86.ActiveCfg = Release|Any CPU
		{2AAA1B6B-C2BF-4F78-B0A3-B88235EE8B77}.Release|x86.Build.0 = Release|Any CPU
		{4E1494B2-BDBB-47B7-A0AF-0B81931EF883}.Debug|Any CPU.ActiveCfg = Debug|Any CPU
		{4E1494B2-BDBB-47B7-A0AF-0B81931EF883}.Debug|Any CPU.Build.0 = Debug|Any CPU
		{4E1494B2-BDBB-47B7-A0AF-0B81931EF883}.Debug|x64.ActiveCfg = Debug|Any CPU
		{4E1494B2-BDBB-47B7-A0AF-0B81931EF883}.Debug|x64.Build.0 = Debug|Any CPU
		{4E1494B2-BDBB-47B7-A0AF-0B81931EF883}.Debug|x86.ActiveCfg = Debug|Any CPU
		{4E1494B2-BDBB-47B7-A0AF-0B81931EF883}.Debug|x86.Build.0 = Debug|Any CPU
		{4E1494B2-BDBB-47B7-A0AF-0B81931EF883}.Release|Any CPU.ActiveCfg = Release|Any CPU
		{4E1494B2-BDBB-47B7-A0AF-0B81931EF883}.Release|Any CPU.Build.0 = Release|Any CPU
		{4E1494B2-BDBB-47B7-A0AF-0B81931EF883}.Release|x64.ActiveCfg = Release|Any CPU
		{4E1494B2-BDBB-47B7-A0AF-0B81931EF883}.Release|x64.Build.0 = Release|Any CPU
		{4E1494B2-BDBB-47B7-A0AF-0B81931EF883}.Release|x86.ActiveCfg = Release|Any CPU
		{4E1494B2-BDBB-47B7-A0AF-0B81931EF883}.Release|x86.Build.0 = Release|Any CPU
		{41B45853-9B97-4C4E-B8ED-E226461EF4C4}.Debug|Any CPU.ActiveCfg = Debug|Any CPU
		{41B45853-9B97-4C4E-B8ED-E226461EF4C4}.Debug|Any CPU.Build.0 = Debug|Any CPU
		{41B45853-9B97-4C4E-B8ED-E226461EF4C4}.Debug|x64.ActiveCfg = Debug|Any CPU
		{41B45853-9B97-4C4E-B8ED-E226461EF4C4}.Debug|x64.Build.0 = Debug|Any CPU
		{41B45853-9B97-4C4E-B8ED-E226461EF4C4}.Debug|x86.ActiveCfg = Debug|Any CPU
		{41B45853-9B97-4C4E-B8ED-E226461EF4C4}.Debug|x86.Build.0 = Debug|Any CPU
		{41B45853-9B97-4C4E-B8ED-E226461EF4C4}.Release|Any CPU.ActiveCfg = Release|Any CPU
		{41B45853-9B97-4C4E-B8ED-E226461EF4C4}.Release|Any CPU.Build.0 = Release|Any CPU
		{41B45853-9B97-4C4E-B8ED-E226461EF4C4}.Release|x64.ActiveCfg = Release|Any CPU
		{41B45853-9B97-4C4E-B8ED-E226461EF4C4}.Release|x64.Build.0 = Release|Any CPU
		{41B45853-9B97-4C4E-B8ED-E226461EF4C4}.Release|x86.ActiveCfg = Release|Any CPU
		{41B45853-9B97-4C4E-B8ED-E226461EF4C4}.Release|x86.Build.0 = Release|Any CPU
	EndGlobalSection
	GlobalSection(SolutionProperties) = preSolution
		HideSolutionNode = FALSE
	EndGlobalSection
	GlobalSection(NestedProjects) = preSolution
		{D32DF882-6798-4DE5-AB74-8115FB4ACC0A} = {A810AC0B-D988-4CDA-9D97-3BA864808ED4}
		{698011F6-681E-4980-BD10-80FCBE18EDE4} = {A810AC0B-D988-4CDA-9D97-3BA864808ED4}
		{EE6F103C-57C5-4431-B7CD-1865B6F927CF} = {E38DF00C-20DB-4BF3-840E-2161BE485CF9}
		{2AAA1B6B-C2BF-4F78-B0A3-B88235EE8B77} = {A810AC0B-D988-4CDA-9D97-3BA864808ED4}
		{4E1494B2-BDBB-47B7-A0AF-0B81931EF883} = {A810AC0B-D988-4CDA-9D97-3BA864808ED4}
		{41B45853-9B97-4C4E-B8ED-E226461EF4C4} = {A810AC0B-D988-4CDA-9D97-3BA864808ED4}
	EndGlobalSection
	GlobalSection(ExtensibilityGlobals) = postSolution
		SolutionGuid = {C79D7D85-24CB-4153-B89D-72DC1E2C3490}
	EndGlobalSection
EndGlobal
